
Microsoft Visual Studio Solution File, Format Version 12.00
# Visual Studio Version 17
VisualStudioVersion = 17.7.34031.279
MinimumVisualStudioVersion = 10.0.40219.1
Project("{FAE04EC0-301F-11D3-BF4B-00C04F79EFBC}") = "Lab4_2", "Lab4_2\Lab4_2.csproj", "{6B795CBD-B549-4EE7-902F-382D618010D1}"
EndProject
Global
	GlobalSection(SolutionConfigurationPlatforms) = preSolution
		Debug|Any CPU = Debug|Any CPU
		Release|Any CPU = Release|Any CPU
	EndGlobalSection
	GlobalSection(ProjectConfigurationPlatforms) = postSolution
		{6B795CBD-B549-4EE7-902F-382D618010D1}.Debug|Any CPU.ActiveCfg = Debug|Any CPU
		{6B795CBD-B549-4EE7-902F-382D618010D1}.Debug|Any CPU.Build.0 = Debug|Any CPU
		{6B795CBD-B549-4EE7-902F-382D618010D1}.Release|Any CPU.ActiveCfg = Release|Any CPU
		{6B795CBD-B549-4EE7-902F-382D618010D1}.Release|Any CPU.Build.0 = Release|Any CPU
	EndGlobalSection
	GlobalSection(SolutionProperties) = preSolution
		HideSolutionNode = FALSE
	EndGlobalSection
	GlobalSection(ExtensibilityGlobals) = postSolution
		SolutionGuid = {C94CB4B7-235E-4805-A30D-B5D5BD32F983}
	EndGlobalSection
EndGlobal
